
Microsoft Visual Studio Solution File, Format Version 12.00
# Visual Studio Version 17
VisualStudioVersion = 17.4.33110.190
MinimumVisualStudioVersion = 10.0.40219.1
Project("{9A19103F-16F7-4668-BE54-9A1E7A4F7556}") = "Algoritms", "Algoritms\Algoritms.csproj", "{D5E53530-A18F-4752-B7C0-83A0322E8375}"
EndProject
Project("{9A19103F-16F7-4668-BE54-9A1E7A4F7556}") = "TaskLib", "TaskLib\TaskLib.csproj", "{50BB3E05-79E7-46DD-ABD3-ACFB46FC526D}"
EndProject
Project("{9A19103F-16F7-4668-BE54-9A1E7A4F7556}") = "TaskInterfaces", "TaskInterfaces\TaskInterfaces.csproj", "{3C36171A-FF46-4E46-AB88-4B77DD99FBA5}"
EndProject
Project("{9A19103F-16F7-4668-BE54-9A1E7A4F7556}") = "TestNOD", "TestNOD\TestNOD.csproj", "{42DB50A0-730B-48ED-AC47-ABCF22AFDBD6}"
EndProject
Global
	GlobalSection(SolutionConfigurationPlatforms) = preSolution
		Debug|Any CPU = Debug|Any CPU
		Release|Any CPU = Release|Any CPU
	EndGlobalSection
	GlobalSection(ProjectConfigurationPlatforms) = postSolution
		{D5E53530-A18F-4752-B7C0-83A0322E8375}.Debug|Any CPU.ActiveCfg = Debug|Any CPU
		{D5E53530-A18F-4752-B7C0-83A0322E8375}.Debug|Any CPU.Build.0 = Debug|Any CPU
		{D5E53530-A18F-4752-B7C0-83A0322E8375}.Release|Any CPU.ActiveCfg = Release|Any CPU
		{D5E53530-A18F-4752-B7C0-83A0322E8375}.Release|Any CPU.Build.0 = Release|Any CPU
		{50BB3E05-79E7-46DD-ABD3-ACFB46FC526D}.Debug|Any CPU.ActiveCfg = Debug|Any CPU
		{50BB3E05-79E7-46DD-ABD3-ACFB46FC526D}.Debug|Any CPU.Build.0 = Debug|Any CPU
		{50BB3E05-79E7-46DD-ABD3-ACFB46FC526D}.Release|Any CPU.ActiveCfg = Release|Any CPU
		{50BB3E05-79E7-46DD-ABD3-ACFB46FC526D}.Release|Any CPU.Build.0 = Release|Any CPU
		{3C36171A-FF46-4E46-AB88-4B77DD99FBA5}.Debug|Any CPU.ActiveCfg = Debug|Any CPU
		{3C36171A-FF46-4E46-AB88-4B77DD99FBA5}.Debug|Any CPU.Build.0 = Debug|Any CPU
		{3C36171A-FF46-4E46-AB88-4B77DD99FBA5}.Release|Any CPU.ActiveCfg = Release|Any CPU
		{3C36171A-FF46-4E46-AB88-4B77DD99FBA5}.Release|Any CPU.Build.0 = Release|Any CPU
		{42DB50A0-730B-48ED-AC47-ABCF22AFDBD6}.Debug|Any CPU.ActiveCfg = Debug|Any CPU
		{42DB50A0-730B-48ED-AC47-ABCF22AFDBD6}.Debug|Any CPU.Build.0 = Debug|Any CPU
		{42DB50A0-730B-48ED-AC47-ABCF22AFDBD6}.Release|Any CPU.ActiveCfg = Release|Any CPU
		{42DB50A0-730B-48ED-AC47-ABCF22AFDBD6}.Release|Any CPU.Build.0 = Release|Any CPU
	EndGlobalSection
	GlobalSection(SolutionProperties) = preSolution
		HideSolutionNode = FALSE
	EndGlobalSection
	GlobalSection(ExtensibilityGlobals) = postSolution
		SolutionGuid = {1159BF13-8828-452B-9681-A313E909887F}
	EndGlobalSection
EndGlobal
